
Microsoft Visual Studio Solution File, Format Version 12.00
# Visual Studio Version 16
VisualStudioVersion = 16.0.30907.101
MinimumVisualStudioVersion = 10.0.40219.1
Project("{9A19103F-16F7-4668-BE54-9A1E7A4F7556}") = "JCDecauxContractsList", "JCDecauxContractsList\JCDecauxContractsList.csproj", "{B53813C6-0031-4745-A652-AE21D9BE6A2B}"
EndProject
Project("{9A19103F-16F7-4668-BE54-9A1E7A4F7556}") = "StationsByContract", "StationsByContract\StationsByContract.csproj", "{2D4FCCF3-C080-4FE9-BA40-5045C1BACD7C}"
EndProject
Project("{9A19103F-16F7-4668-BE54-9A1E7A4F7556}") = "StationInfos", "StationInfos\StationInfos.csproj", "{F8C46720-3D3C-42F2-9B23-FD13C21E3482}"
EndProject
Project("{FAE04EC0-301F-11D3-BF4B-00C04F79EFBC}") = "StationGPS", "StationGPS\StationGPS.csproj", "{CA5A40C4-87C1-4D49-909E-A5E9A694479D}"
EndProject
Global
	GlobalSection(SolutionConfigurationPlatforms) = preSolution
		Debug|Any CPU = Debug|Any CPU
		Release|Any CPU = Release|Any CPU
	EndGlobalSection
	GlobalSection(ProjectConfigurationPlatforms) = postSolution
		{B53813C6-0031-4745-A652-AE21D9BE6A2B}.Debug|Any CPU.ActiveCfg = Debug|Any CPU
		{B53813C6-0031-4745-A652-AE21D9BE6A2B}.Debug|Any CPU.Build.0 = Debug|Any CPU
		{B53813C6-0031-4745-A652-AE21D9BE6A2B}.Release|Any CPU.ActiveCfg = Release|Any CPU
		{B53813C6-0031-4745-A652-AE21D9BE6A2B}.Release|Any CPU.Build.0 = Release|Any CPU
		{2D4FCCF3-C080-4FE9-BA40-5045C1BACD7C}.Debug|Any CPU.ActiveCfg = Debug|Any CPU
		{2D4FCCF3-C080-4FE9-BA40-5045C1BACD7C}.Debug|Any CPU.Build.0 = Debug|Any CPU
		{2D4FCCF3-C080-4FE9-BA40-5045C1BACD7C}.Release|Any CPU.ActiveCfg = Release|Any CPU
		{2D4FCCF3-C080-4FE9-BA40-5045C1BACD7C}.Release|Any CPU.Build.0 = Release|Any CPU
		{F8C46720-3D3C-42F2-9B23-FD13C21E3482}.Debug|Any CPU.ActiveCfg = Debug|Any CPU
		{F8C46720-3D3C-42F2-9B23-FD13C21E3482}.Debug|Any CPU.Build.0 = Debug|Any CPU
		{F8C46720-3D3C-42F2-9B23-FD13C21E3482}.Release|Any CPU.ActiveCfg = Release|Any CPU
		{F8C46720-3D3C-42F2-9B23-FD13C21E3482}.Release|Any CPU.Build.0 = Release|Any CPU
		{CA5A40C4-87C1-4D49-909E-A5E9A694479D}.Debug|Any CPU.ActiveCfg = Debug|Any CPU
		{CA5A40C4-87C1-4D49-909E-A5E9A694479D}.Debug|Any CPU.Build.0 = Debug|Any CPU
		{CA5A40C4-87C1-4D49-909E-A5E9A694479D}.Release|Any CPU.ActiveCfg = Release|Any CPU
		{CA5A40C4-87C1-4D49-909E-A5E9A694479D}.Release|Any CPU.Build.0 = Release|Any CPU
	EndGlobalSection
	GlobalSection(SolutionProperties) = preSolution
		HideSolutionNode = FALSE
	EndGlobalSection
	GlobalSection(ExtensibilityGlobals) = postSolution
		SolutionGuid = {EE0492E2-9828-4E37-A2C7-E0A6D356C8B1}
	EndGlobalSection
EndGlobal
